
Microsoft Visual Studio Solution File, Format Version 12.00
# Visual Studio Version 17
VisualStudioVersion = 17.14.37531.7 d17.14
MinimumVisualStudioVersion = 10.0.40219.1
Project("{FAE04EC0-301F-11D3-BF4B-00C04F79EFBC}") = "BasicAuthApi", "BasicAuthApi.csproj", "{4CAB656E-8965-45B5-8B91-8F9F2C2E1A7D}"
EndProject
Global
	GlobalSection(SolutionConfigurationPlatforms) = preSolution
		Debug|Any CPU = Debug|Any CPU
		Release|Any CPU = Release|Any CPU
	EndGlobalSection
	GlobalSection(ProjectConfigurationPlatforms) = postSolution
		{4CAB656E-8965-45B5-8B91-8F9F2C2E1A7D}.Debug|Any CPU.ActiveCfg = Debug|Any CPU
		{4CAB656E-8965-45B5-8B91-8F9F2C2E1A7D}.Debug|Any CPU.Build.0 = Debug|Any CPU
		{4CAB656E-8965-45B5-8B91-8F9F2C2E1A7D}.Release|Any CPU.ActiveCfg = Release|Any CPU
		{4CAB656E-8965-45B5-8B91-8F9F2C2E1A7D}.Release|Any CPU.Build.0 = Release|Any CPU
	EndGlobalSection
	GlobalSection(SolutionProperties) = preSolution
		HideSolutionNode = FALSE
	EndGlobalSection
	GlobalSection(ExtensibilityGlobals) = postSolution
		SolutionGuid = {8D468063-32CB-4E62-A6C1-03DE89B13988}
	EndGlobalSection
EndGlobal
